
Microsoft Visual Studio Solution File, Format Version 12.00
# Visual Studio Version 16
VisualStudioVersion = 16.0.31729.503
MinimumVisualStudioVersion = 10.0.40219.1
Project("{FAE04EC0-301F-11D3-BF4B-00C04F79EFBC}") = "OnionAppTraining.Core", "OnionAppTraining.Core\OnionAppTraining.Core.csproj", "{C89D804E-0948-4E75-9907-7A67E9F0481C}"
EndProject
Project("{FAE04EC0-301F-11D3-BF4B-00C04F79EFBC}") = "OnionAppTraining.Infrastructure", "OnionAppTraining.Infrastructure\OnionAppTraining.Infrastructure.csproj", "{AF8B5879-8A5B-4738-AC5F-F19EBF3A8313}"
EndProject
Project("{FAE04EC0-301F-11D3-BF4B-00C04F79EFBC}") = "OnionAppTraining.Api", "OnionAppTraining.Api\OnionAppTraining.Api.csproj", "{4378897D-3F73-4692-AB16-BCFA0EFD474B}"
EndProject
Project("{FAE04EC0-301F-11D3-BF4B-00C04F79EFBC}") = "OnionAppTraining.Test.Unit", "OnionAppTraining.Test.Unit\OnionAppTraining.Test.Unit.csproj", "{B2998120-D57D-4059-A7D7-D8F603645442}"
EndProject
Project("{FAE04EC0-301F-11D3-BF4B-00C04F79EFBC}") = "OnionAppTraining.Test.Integration", "OnionAppTraining.Test.Integration\OnionAppTraining.Test.Integration.csproj", "{5048D30F-EC6B-48AB-B532-91DBA26C5627}"
EndProject
Global
	GlobalSection(SolutionConfigurationPlatforms) = preSolution
		Debug|Any CPU = Debug|Any CPU
		Release|Any CPU = Release|Any CPU
	EndGlobalSection
	GlobalSection(ProjectConfigurationPlatforms) = postSolution
		{C89D804E-0948-4E75-9907-7A67E9F0481C}.Debug|Any CPU.ActiveCfg = Debug|Any CPU
		{C89D804E-0948-4E75-9907-7A67E9F0481C}.Debug|Any CPU.Build.0 = Debug|Any CPU
		{C89D804E-0948-4E75-9907-7A67E9F0481C}.Release|Any CPU.ActiveCfg = Release|Any CPU
		{C89D804E-0948-4E75-9907-7A67E9F0481C}.Release|Any CPU.Build.0 = Release|Any CPU
		{AF8B5879-8A5B-4738-AC5F-F19EBF3A8313}.Debug|Any CPU.ActiveCfg = Debug|Any CPU
		{AF8B5879-8A5B-4738-AC5F-F19EBF3A8313}.Debug|Any CPU.Build.0 = Debug|Any CPU
		{AF8B5879-8A5B-4738-AC5F-F19EBF3A8313}.Release|Any CPU.ActiveCfg = Release|Any CPU
		{AF8B5879-8A5B-4738-AC5F-F19EBF3A8313}.Release|Any CPU.Build.0 = Release|Any CPU
		{4378897D-3F73-4692-AB16-BCFA0EFD474B}.Debug|Any CPU.ActiveCfg = Debug|Any CPU
		{4378897D-3F73-4692-AB16-BCFA0EFD474B}.Debug|Any CPU.Build.0 = Debug|Any CPU
		{4378897D-3F73-4692-AB16-BCFA0EFD474B}.Release|Any CPU.ActiveCfg = Release|Any CPU
		{4378897D-3F73-4692-AB16-BCFA0EFD474B}.Release|Any CPU.Build.0 = Release|Any CPU
		{B2998120-D57D-4059-A7D7-D8F603645442}.Debug|Any CPU.ActiveCfg = Debug|Any CPU
		{B2998120-D57D-4059-A7D7-D8F603645442}.Debug|Any CPU.Build.0 = Debug|Any CPU
		{B2998120-D57D-4059-A7D7-D8F603645442}.Release|Any CPU.ActiveCfg = Release|Any CPU
		{B2998120-D57D-4059-A7D7-D8F603645442}.Release|Any CPU.Build.0 = Release|Any CPU
		{5048D30F-EC6B-48AB-B532-91DBA26C5627}.Debug|Any CPU.ActiveCfg = Debug|Any CPU
		{5048D30F-EC6B-48AB-B532-91DBA26C5627}.Debug|Any CPU.Build.0 = Debug|Any CPU
		{5048D30F-EC6B-48AB-B532-91DBA26C5627}.Release|Any CPU.ActiveCfg = Release|Any CPU
		{5048D30F-EC6B-48AB-B532-91DBA26C5627}.Release|Any CPU.Build.0 = Release|Any CPU
	EndGlobalSection
	GlobalSection(SolutionProperties) = preSolution
		HideSolutionNode = FALSE
	EndGlobalSection
	GlobalSection(ExtensibilityGlobals) = postSolution
		SolutionGuid = {162172E4-016C-4AA2-8264-FC539D8FA1E8}
	EndGlobalSection
EndGlobal
